// !$*UTF8*$!
{
	archiveVersion = 1;
	classes = {
	};
	objectVersion = 46;
	objects = {

/* Begin PBXBuildFile section */
		5AADB3B81C11DDA500DE19AE /* AppDelegate.swift in Sources */ = {isa = PBXBuildFile; fileRef = 5AADB3B71C11DDA500DE19AE /* AppDelegate.swift */; };
		5AADB3BA1C11DDA500DE19AE /* ViewController.swift in Sources */ = {isa = PBXBuildFile; fileRef = 5AADB3B91C11DDA500DE19AE /* ViewController.swift */; };
		5AADB3BD1C11DDA500DE19AE /* Main.storyboard in Resources */ = {isa = PBXBuildFile; fileRef = 5AADB3BB1C11DDA500DE19AE /* Main.storyboard */; };
		5AADB3BF1C11DDA500DE19AE /* Assets.xcassets in Resources */ = {isa = PBXBuildFile; fileRef = 5AADB3BE1C11DDA500DE19AE /* Assets.xcassets */; };
/* End PBXBuildFile section */

/* Begin PBXFileReference section */
		5AADB3B41C11DDA500DE19AE /* Statusboard.app */ = {isa = PBXFileReference; explicitFileType = wrapper.application; includeInIndex = 0; path = Statusboard.app; sourceTree = BUILT_PRODUCTS_DIR; };
		5AADB3B71C11DDA500DE19AE /* AppDelegate.swift */ = {isa = PBXFileReference; lastKnownFileType = sourcecode.swift; path = AppDelegate.swift; sourceTree = "<group>"; };
		5AADB3B91C11DDA500DE19AE /* ViewController.swift */ = {isa = PBXFileReference; lastKnownFileType = sourcecode.swift; path = ViewController.swift; sourceTree = "<group>"; };
		5AADB3BC1C11DDA500DE19AE /* Base */ = {isa = PBXFileReference; lastKnownFileType = file.storyboard; name = Base; path = Base.lproj/Main.storyboard; sourceTree = "<group>"; };
		5AADB3BE1C11DDA500DE19AE /* Assets.xcassets */ = {isa = PBXFileReference; lastKnownFileType = folder.assetcatalog; path = Assets.xcassets; sourceTree = "<group>"; };
		5AADB3C01C11DDA500DE19AE /* Info.plist */ = {isa = PBXFileReference; lastKnownFileType = text.plist.xml; path = Info.plist; sourceTree = "<group>"; };
/* End PBXFileReference section */

/* Begin PBXFrameworksBuildPhase section */
		5AADB3B11C11DDA500DE19AE /* Frameworks */ = {
			isa = PBXFrameworksBuildPhase;
			buildActionMask = 2147483647;
			files = (
			);
			runOnlyForDeploymentPostprocessing = 0;
		};
/* End PBXFrameworksBuildPhase section */

/* Begin PBXGroup section */
		5AADB3AB1C11DDA500DE19AE = {
			isa = PBXGroup;
			children = (
				5AADB3B61C11DDA500DE19AE /* Statusboard */,
				5AADB3B51C11DDA500DE19AE /* Products */,
			);
			sourceTree = "<group>";
		};
		5AADB3B51C11DDA500DE19AE /* Products */ = {
			isa = PBXGroup;
			children = (
				5AADB3B41C11DDA500DE19AE /* Statusboard.app */,
			);
			name = Products;
			sourceTree = "<group>";
		};
		5AADB3B61C11DDA500DE19AE /* Statusboard */ = {
			isa = PBXGroup;
			children = (
				5AADB3B71C11DDA500DE19AE /* AppDelegate.swift */,
				5AADB3B91C11DDA500DE19AE /* ViewController.swift */,
				5AADB3BB1C11DDA500DE19AE /* Main.storyboard */,
				5AADB3BE1C11DDA500DE19AE /* Assets.xcassets */,
				5AADB3C01C11DDA500DE19AE /* Info.plist */,
			);
			path = Statusboard;
			sourceTree = "<group>";
		};
/* End PBXGroup section */

/* Begin PBXNativeTarget section */
		5AADB3B31C11DDA500DE19AE /* Statusboard */ = {
			isa = PBXNativeTarget;
			buildConfigurationList = 5AADB3C31C11DDA500DE19AE /* Build configuration list for PBXNativeTarget "Statusboard" */;
			buildPhases = (
				5AADB3B01C11DDA500DE19AE /* Sources */,
				5AADB3B11C11DDA500DE19AE /* Frameworks */,
				5AADB3B21C11DDA500DE19AE /* Resources */,
			);
			buildRules = (
			);
			dependencies = (
			);
			name = Statusboard;
			productName = Statusboard;
			productReference = 5AADB3B41C11DDA500DE19AE /* Statusboard.app */;
			productType = "com.apple.product-type.application";
		};
/* End PBXNativeTarget section */

/* Begin PBXProject section */
		5AADB3AC1C11DDA500DE19AE /* Project object */ = {
			isa = PBXProject;
			attributes = {
				LastSwiftUpdateCheck = 0710;
				LastUpgradeCheck = 0710;
				ORGANIZATIONNAME = "Kupferwerk GmbH";
				TargetAttributes = {
					5AADB3B31C11DDA500DE19AE = {
						CreatedOnToolsVersion = 7.1.1;
						DevelopmentTeam = MB54BUP56S;
					};
				};
			};
			buildConfigurationList = 5AADB3AF1C11DDA500DE19AE /* Build configuration list for PBXProject "Statusboard" */;
			compatibilityVersion = "Xcode 3.2";
			developmentRegion = English;
			hasScannedForEncodings = 0;
			knownRegions = (
				en,
				Base,
			);
			mainGroup = 5AADB3AB1C11DDA500DE19AE;
			productRefGroup = 5AADB3B51C11DDA500DE19AE /* Products */;
			projectDirPath = "";
			projectRoot = "";
			targets = (
				5AADB3B31C11DDA500DE19AE /* Statusboard */,
			);
		};
/* End PBXProject section */

/* Begin PBXResourcesBuildPhase section */
		5AADB3B21C11DDA500DE19AE /* Resources */ = {
			isa = PBXResourcesBuildPhase;
			buildActionMask = 2147483647;
			files = (
				5AADB3BF1C11DDA500DE19AE /* Assets.xcassets in Resources */,
				5AADB3BD1C11DDA500DE19AE /* Main.storyboard in Resources */,
			);
			runOnlyForDeploymentPostprocessing = 0;
		};
/* End PBXResourcesBuildPhase section */

/* Begin PBXSourcesBuildPhase section */
		5AADB3B01C11DDA500DE19AE /* Sources */ = {
			isa = PBXSourcesBuildPhase;
			buildActionMask = 2147483647;
			files = (
				5AADB3BA1C11DDA500DE19AE /* ViewController.swift in Sources */,
				5AADB3B81C11DDA500DE19AE /* AppDelegate.swift in Sources */,
			);
			runOnlyForDeploymentPostprocessing = 0;
		};
/* End PBXSourcesBuildPhase section */

/* Begin PBXVariantGroup section */
		5AADB3BB1C11DDA500DE19AE /* Main.storyboard */ = {
			isa = PBXVariantGroup;
			children = (
				5AADB3BC1C11DDA500DE19AE /* Base */,
			);
			name = Main.storyboard;
			sourceTree = "<group>";
		};
/* End PBXVariantGroup section */

/* Begin XCBuildConfiguration section */
		5AADB3C11C11DDA500DE19AE /* Debug */ = {
			isa = XCBuildConfiguration;
			buildSettings = {
				ALWAYS_SEARCH_USER_PATHS = NO;
				CLANG_CXX_LANGUAGE_STANDARD = "gnu++0x";
				CLANG_CXX_LIBRARY = "libc++";
				CLANG_ENABLE_MODULES = YES;
				CLANG_ENABLE_OBJC_ARC = YES;
				CLANG_WARN_BOOL_CONVERSION = YES;
				CLANG_WARN_CONSTANT_CONVERSION = YES;
				CLANG_WARN_DIRECT_OBJC_ISA_USAGE = YES_ERROR;
				CLANG_WARN_EMPTY_BODY = YES;
				CLANG_WARN_ENUM_CONVERSION = YES;
				CLANG_WARN_INT_CONVERSION = YES;
				CLANG_WARN_OBJC_ROOT_CLASS = YES_ERROR;
				CLANG_WARN_UNREACHABLE_CODE = YES;
				CLANG_WARN__DUPLICATE_METHOD_MATCH = YES;
				COPY_PHASE_STRIP = NO;
				DEBUG_INFORMATION_FORMAT = dwarf;
				ENABLE_STRICT_OBJC_MSGSEND = YES;
				ENABLE_TESTABILITY = YES;
				GCC_C_LANGUAGE_STANDARD = gnu99;
				GCC_DYNAMIC_NO_PIC = NO;
				GCC_NO_COMMON_BLOCKS = YES;
				GCC_OPTIMIZATION_LEVEL = 0;
				GCC_PREPROCESSOR_DEFINITIONS = (
					"DEBUG=1",
					"$(inherited)",
				);
				GCC_WARN_64_TO_32_BIT_CONVERSION = YES;
				GCC_WARN_ABOUT_RETURN_TYPE = YES_ERROR;
				GCC_WARN_UNDECLARED_SELECTOR = YES;
				GCC_WARN_UNINITIALIZED_AUTOS = YES_AGGRESSIVE;
				GCC_WARN_UNUSED_FUNCTION = YES;
				GCC_WARN_UNUSED_VARIABLE = YES;
				MTL_ENABLE_DEBUG_INFO = YES;
				ONLY_ACTIVE_ARCH = YES;
				SDKROOT = appletvos;
				SWIFT_OPTIMIZATION_LEVEL = "-Onone";
				TARGETED_DEVICE_FAMILY = 3;
				TVOS_DEPLOYMENT_TARGET = 9.0;
			};
			name = Debug;
		};
		5AADB3C21C11DDA500DE19AE /* Release */ = {
			isa = XCBuildConfiguration;
			buildSettings = {
				ALWAYS_SEARCH_USER_PATHS = NO;
				CLANG_CXX_LANGUAGE_STANDARD = "gnu++0x";
				CLANG_CXX_LIBRARY = "libc++";
				CLANG_ENABLE_MODULES = YES;
				CLANG_ENABLE_OBJC_ARC = YES;
				CLANG_WARN_BOOL_CONVERSION = YES;
				CLANG_WARN_CONSTANT_CONVERSION = YES;
				CLANG_WARN_DIRECT_OBJC_ISA_USAGE = YES_ERROR;
				CLANG_WARN_EMPTY_BODY = YES;
				CLANG_WARN_ENUM_CONVERSION = YES;
				CLANG_WARN_INT_CONVERSION = YES;
				CLANG_WARN_OBJC_ROOT_CLASS = YES_ERROR;
				CLANG_WARN_UNREACHABLE_CODE = YES;
				CLANG_WARN__DUPLICATE_METHOD_MATCH = YES;
				COPY_PHASE_STRIP = NO;
				DEBUG_INFORMATION_FORMAT = "dwarf-with-dsym";
				ENABLE_NS_ASSERTIONS = NO;
				ENABLE_STRICT_OBJC_MSGSEND = YES;
				GCC_C_LANGUAGE_STANDARD = gnu99;
				GCC_NO_COMMON_BLOCKS = YES;
				GCC_WARN_64_TO_32_BIT_CONVERSION = YES;
				GCC_WARN_ABOUT_RETURN_TYPE = YES_ERROR;
				GCC_WARN_UNDECLARED_SELECTOR = YES;
				GCC_WARN_UNINITIALIZED_AUTOS = YES_AGGRESSIVE;
				GCC_WARN_UNUSED_FUNCTION = YES;
				GCC_WARN_UNUSED_VARIABLE = YES;
				MTL_ENABLE_DEBUG_INFO = NO;
				SDKROOT = appletvos;
				TARGETED_DEVICE_FAMILY = 3;
				TVOS_DEPLOYMENT_TARGET = 9.0;
				VALIDATE_PRODUCT = YES;
			};
			name = Release;
		};
		5AADB3C41C11DDA500DE19AE /* Debug */ = {
			isa = XCBuildConfiguration;
			buildSettings = {
				ASSETCATALOG_COMPILER_APPICON_NAME = "App Icon & Top Shelf Image";
				ASSETCATALOG_COMPILER_LAUNCHIMAGE_NAME = LaunchImage;
				INFOPLIST_FILE = Statusboard/Info.plist;
				LD_RUNPATH_SEARCH_PATHS = "$(inherited) @executable_path/Frameworks";
				PRODUCT_BUNDLE_IDENTIFIER = com.kupferwerk.Statusboard;
				PRODUCT_NAME = "$(TARGET_NAME)";
			};
			name = Debug;
		};
		5AADB3C51C11DDA500DE19AE /* Release */ = {
			isa = XCBuildConfiguration;
			buildSettings = {
				ASSETCATALOG_COMPILER_APPICON_NAME = "App Icon & Top Shelf Image";
				ASSETCATALOG_COMPILER_LAUNCHIMAGE_NAME = LaunchImage;
				INFOPLIST_FILE = Statusboard/Info.plist;
				LD_RUNPATH_SEARCH_PATHS = "$(inherited) @executable_path/Frameworks";
				PRODUCT_BUNDLE_IDENTIFIER = com.kupferwerk.Statusboard;
				PRODUCT_NAME = "$(TARGET_NAME)";
			};
			name = Release;
		};
/* End XCBuildConfiguration section */

/* Begin XCConfigurationList section */
		5AADB3AF1C11DDA500DE19AE /* Build configuration list for PBXProject "Statusboard" */ = {
			isa = XCConfigurationList;
			buildConfigurations = (
				5AADB3C11C11DDA500DE19AE /* Debug */,
				5AADB3C21C11DDA500DE19AE /* Release */,
			);
			defaultConfigurationIsVisible = 0;
			defaultConfigurationName = Release;
		};
		5AADB3C31C11DDA500DE19AE /* Build configuration list for PBXNativeTarget "Statusboard" */ = {
			isa = XCConfigurationList;
			buildConfigurations = (
				5AADB3C41C11DDA500DE19AE /* Debug */,
				5AADB3C51C11DDA500DE19AE /* Release */,
			);
			defaultConfigurationIsVisible = 0;
		};
/* End XCConfigurationList section */
	};
	rootObject = 5AADB3AC1C11DDA500DE19AE /* Project object */;
}
